
Microsoft Visual Studio Solution File, Format Version 12.00
# Visual Studio 15
VisualStudioVersion = 15.0.27004.2005
MinimumVisualStudioVersion = 10.0.40219.1
Project("{FAE04EC0-301F-11D3-BF4B-00C04F79EFBC}") = "MeuClass.Web", "MeuClass\MeuClass.Web.csproj", "{CAA9DF12-729C-4A83-8C09-7EB746F52874}"
EndProject
Project("{2150E333-8FDC-42A3-9474-1A3956D46DE8}") = "DATA", "DATA", "{BA880940-EB0A-4B8D-9E08-E728EB5A8E30}"
EndProject
Project("{FAE04EC0-301F-11D3-BF4B-00C04F79EFBC}") = "MeuClass.Data", "MeuClass.Data\MeuClass.Data.csproj", "{9E4776F3-6D7B-49AE-948F-3F81EB83F4A1}"
EndProject
Project("{2150E333-8FDC-42A3-9474-1A3956D46DE8}") = "BUSINESS", "BUSINESS", "{52959A21-E4DC-4B93-81E2-3A78606F7B5F}"
EndProject
Project("{2150E333-8FDC-42A3-9474-1A3956D46DE8}") = "DOMAIN", "DOMAIN", "{3963BB5A-7844-4044-8A18-BAB27C3E2DEB}"
EndProject
Project("{FAE04EC0-301F-11D3-BF4B-00C04F79EFBC}") = "MeuClass.Entity", "MeuClass.Entity\MeuClass.Entity.csproj", "{CC147199-AFD1-46DB-B25B-371AEA410BC1}"
EndProject
Project("{2150E333-8FDC-42A3-9474-1A3956D46DE8}") = "WEB", "WEB", "{342631F8-9E44-487B-8AE4-360073B1F2F1}"
EndProject
Project("{FAE04EC0-301F-11D3-BF4B-00C04F79EFBC}") = "MeuClass.Business", "MeuClass.Business\MeuClass.Business.csproj", "{CD2C2A7D-8F23-4622-AFC6-DE2472EEBB11}"
EndProject
Global
	GlobalSection(SolutionConfigurationPlatforms) = preSolution
		Debug|Any CPU = Debug|Any CPU
		Release|Any CPU = Release|Any CPU
	EndGlobalSection
	GlobalSection(ProjectConfigurationPlatforms) = postSolution
		{CAA9DF12-729C-4A83-8C09-7EB746F52874}.Debug|Any CPU.ActiveCfg = Debug|Any CPU
		{CAA9DF12-729C-4A83-8C09-7EB746F52874}.Debug|Any CPU.Build.0 = Debug|Any CPU
		{CAA9DF12-729C-4A83-8C09-7EB746F52874}.Release|Any CPU.ActiveCfg = Release|Any CPU
		{CAA9DF12-729C-4A83-8C09-7EB746F52874}.Release|Any CPU.Build.0 = Release|Any CPU
		{9E4776F3-6D7B-49AE-948F-3F81EB83F4A1}.Debug|Any CPU.ActiveCfg = Debug|Any CPU
		{9E4776F3-6D7B-49AE-948F-3F81EB83F4A1}.Debug|Any CPU.Build.0 = Debug|Any CPU
		{9E4776F3-6D7B-49AE-948F-3F81EB83F4A1}.Release|Any CPU.ActiveCfg = Release|Any CPU
		{9E4776F3-6D7B-49AE-948F-3F81EB83F4A1}.Release|Any CPU.Build.0 = Release|Any CPU
		{CC147199-AFD1-46DB-B25B-371AEA410BC1}.Debug|Any CPU.ActiveCfg = Debug|Any CPU
		{CC147199-AFD1-46DB-B25B-371AEA410BC1}.Debug|Any CPU.Build.0 = Debug|Any CPU
		{CC147199-AFD1-46DB-B25B-371AEA410BC1}.Release|Any CPU.ActiveCfg = Release|Any CPU
		{CC147199-AFD1-46DB-B25B-371AEA410BC1}.Release|Any CPU.Build.0 = Release|Any CPU
		{CD2C2A7D-8F23-4622-AFC6-DE2472EEBB11}.Debug|Any CPU.ActiveCfg = Debug|Any CPU
		{CD2C2A7D-8F23-4622-AFC6-DE2472EEBB11}.Debug|Any CPU.Build.0 = Debug|Any CPU
		{CD2C2A7D-8F23-4622-AFC6-DE2472EEBB11}.Release|Any CPU.ActiveCfg = Release|Any CPU
		{CD2C2A7D-8F23-4622-AFC6-DE2472EEBB11}.Release|Any CPU.Build.0 = Release|Any CPU
	EndGlobalSection
	GlobalSection(SolutionProperties) = preSolution
		HideSolutionNode = FALSE
	EndGlobalSection
	GlobalSection(NestedProjects) = preSolution
		{CAA9DF12-729C-4A83-8C09-7EB746F52874} = {342631F8-9E44-487B-8AE4-360073B1F2F1}
		{9E4776F3-6D7B-49AE-948F-3F81EB83F4A1} = {BA880940-EB0A-4B8D-9E08-E728EB5A8E30}
		{CC147199-AFD1-46DB-B25B-371AEA410BC1} = {3963BB5A-7844-4044-8A18-BAB27C3E2DEB}
		{CD2C2A7D-8F23-4622-AFC6-DE2472EEBB11} = {52959A21-E4DC-4B93-81E2-3A78606F7B5F}
	EndGlobalSection
	GlobalSection(ExtensibilityGlobals) = postSolution
		SolutionGuid = {8293D57A-BDF3-48F3-87C2-74A5D916F34D}
	EndGlobalSection
EndGlobal
